// !$*UTF8*$!
{
	archiveVersion = 1;
	classes = {
	};
	objectVersion = 56;
	objects = {

/* Begin PBXBuildFile section */
		E5C594B9290B0B8800D668E3 /* AppDelegate.swift in Sources */ = {isa = PBXBuildFile; fileRef = E5C594B8290B0B8800D668E3 /* AppDelegate.swift */; };
		E5C594BB290B0B8800D668E3 /* SceneDelegate.swift in Sources */ = {isa = PBXBuildFile; fileRef = E5C594BA290B0B8800D668E3 /* SceneDelegate.swift */; };
		E5C594BD290B0B8800D668E3 /* FeedViewController.swift in Sources */ = {isa = PBXBuildFile; fileRef = E5C594BC290B0B8800D668E3 /* FeedViewController.swift */; };
		E5C594C2290B0B8900D668E3 /* Assets.xcassets in Resources */ = {isa = PBXBuildFile; fileRef = E5C594C1290B0B8900D668E3 /* Assets.xcassets */; };
		E5C594C5290B0B8900D668E3 /* LaunchScreen.storyboard in Resources */ = {isa = PBXBuildFile; fileRef = E5C594C3290B0B8900D668E3 /* LaunchScreen.storyboard */; };
		E5C594CE290B0BCF00D668E3 /* Post.swift in Sources */ = {isa = PBXBuildFile; fileRef = E5C594CD290B0BCF00D668E3 /* Post.swift */; };
		E5C594D0290B0C0A00D668E3 /* PostTableViewCell.swift in Sources */ = {isa = PBXBuildFile; fileRef = E5C594CF290B0C0A00D668E3 /* PostTableViewCell.swift */; };
		E5C594D3290B0C4E00D668E3 /* ProfileHeaderView.swift in Sources */ = {isa = PBXBuildFile; fileRef = E5C594D2290B0C4E00D668E3 /* ProfileHeaderView.swift */; };
		E5C594D5290B0C7C00D668E3 /* ProfileViewController.swift in Sources */ = {isa = PBXBuildFile; fileRef = E5C594D4290B0C7C00D668E3 /* ProfileViewController.swift */; };
		E5C594D7290B0CA100D668E3 /* LogInViewController.swift in Sources */ = {isa = PBXBuildFile; fileRef = E5C594D6290B0CA100D668E3 /* LogInViewController.swift */; };
		E5C594D9290B0CE500D668E3 /* InfoViewController.swift in Sources */ = {isa = PBXBuildFile; fileRef = E5C594D8290B0CE500D668E3 /* InfoViewController.swift */; };
		E5C594DB290B0D3700D668E3 /* PostViewController.swift in Sources */ = {isa = PBXBuildFile; fileRef = E5C594DA290B0D3700D668E3 /* PostViewController.swift */; };
		E5C594DD290B150B00D668E3 /* PhotosTableViewCell.swift in Sources */ = {isa = PBXBuildFile; fileRef = E5C594DC290B150B00D668E3 /* PhotosTableViewCell.swift */; };
		E5C594DF290B197400D668E3 /* PhotosViewController.swift in Sources */ = {isa = PBXBuildFile; fileRef = E5C594DE290B197400D668E3 /* PhotosViewController.swift */; };
		E5C594E1290B1A8C00D668E3 /* PhotosCollectionViewCell.swift in Sources */ = {isa = PBXBuildFile; fileRef = E5C594E0290B1A8C00D668E3 /* PhotosCollectionViewCell.swift */; };
		E5C594E3290B1B5900D668E3 /* Photo.swift in Sources */ = {isa = PBXBuildFile; fileRef = E5C594E2290B1B5900D668E3 /* Photo.swift */; };
		E5C5952D2915310A00D668E3 /* Protocol.swift in Sources */ = {isa = PBXBuildFile; fileRef = E5C5952C2915310A00D668E3 /* Protocol.swift */; };
		E5C5952F291531B700D668E3 /* DetailAvatarView.swift in Sources */ = {isa = PBXBuildFile; fileRef = E5C5952E291531B700D668E3 /* DetailAvatarView.swift */; };
		E5C5953129153C2F00D668E3 /* DetailPostViewController.swift in Sources */ = {isa = PBXBuildFile; fileRef = E5C5953029153C2F00D668E3 /* DetailPostViewController.swift */; };
		E5C5953329153D3B00D668E3 /* DetailedAvatarViewController.swift in Sources */ = {isa = PBXBuildFile; fileRef = E5C5953229153D3B00D668E3 /* DetailedAvatarViewController.swift */; };
		E5C5953529153E1700D668E3 /* AvatarTransitionAnimator.swift in Sources */ = {isa = PBXBuildFile; fileRef = E5C5953429153E1700D668E3 /* AvatarTransitionAnimator.swift */; };
		E5C59538291BEDD900D668E3 /* DetailedPhotoViewController.swift in Sources */ = {isa = PBXBuildFile; fileRef = E5C59537291BEDD900D668E3 /* DetailedPhotoViewController.swift */; };
/* End PBXBuildFile section */

/* Begin PBXFileReference section */
		E5C594B5290B0B8800D668E3 /* CollectionView_Lysenskaia.app */ = {isa = PBXFileReference; explicitFileType = wrapper.application; includeInIndex = 0; path = CollectionView_Lysenskaia.app; sourceTree = BUILT_PRODUCTS_DIR; };
		E5C594B8290B0B8800D668E3 /* AppDelegate.swift */ = {isa = PBXFileReference; lastKnownFileType = sourcecode.swift; path = AppDelegate.swift; sourceTree = "<group>"; };
		E5C594BA290B0B8800D668E3 /* SceneDelegate.swift */ = {isa = PBXFileReference; lastKnownFileType = sourcecode.swift; path = SceneDelegate.swift; sourceTree = "<group>"; };
		E5C594BC290B0B8800D668E3 /* FeedViewController.swift */ = {isa = PBXFileReference; lastKnownFileType = sourcecode.swift; path = FeedViewController.swift; sourceTree = "<group>"; };
		E5C594C1290B0B8900D668E3 /* Assets.xcassets */ = {isa = PBXFileReference; lastKnownFileType = folder.assetcatalog; path = Assets.xcassets; sourceTree = "<group>"; };
		E5C594C4290B0B8900D668E3 /* Base */ = {isa = PBXFileReference; lastKnownFileType = file.storyboard; name = Base; path = Base.lproj/LaunchScreen.storyboard; sourceTree = "<group>"; };
		E5C594C6290B0B8900D668E3 /* Info.plist */ = {isa = PBXFileReference; lastKnownFileType = text.plist.xml; path = Info.plist; sourceTree = "<group>"; };
		E5C594CD290B0BCF00D668E3 /* Post.swift */ = {isa = PBXFileReference; lastKnownFileType = sourcecode.swift; path = Post.swift; sourceTree = "<group>"; };
		E5C594CF290B0C0A00D668E3 /* PostTableViewCell.swift */ = {isa = PBXFileReference; lastKnownFileType = sourcecode.swift; path = PostTableViewCell.swift; sourceTree = "<group>"; };
		E5C594D2290B0C4E00D668E3 /* ProfileHeaderView.swift */ = {isa = PBXFileReference; lastKnownFileType = sourcecode.swift; path = ProfileHeaderView.swift; sourceTree = "<group>"; };
		E5C594D4290B0C7C00D668E3 /* ProfileViewController.swift */ = {isa = PBXFileReference; lastKnownFileType = sourcecode.swift; path = ProfileViewController.swift; sourceTree = "<group>"; };
		E5C594D6290B0CA100D668E3 /* LogInViewController.swift */ = {isa = PBXFileReference; lastKnownFileType = sourcecode.swift; path = LogInViewController.swift; sourceTree = "<group>"; };
		E5C594D8290B0CE500D668E3 /* InfoViewController.swift */ = {isa = PBXFileReference; lastKnownFileType = sourcecode.swift; path = InfoViewController.swift; sourceTree = "<group>"; };
		E5C594DA290B0D3700D668E3 /* PostViewController.swift */ = {isa = PBXFileReference; lastKnownFileType = sourcecode.swift; path = PostViewController.swift; sourceTree = "<group>"; };
		E5C594DC290B150B00D668E3 /* PhotosTableViewCell.swift */ = {isa = PBXFileReference; lastKnownFileType = sourcecode.swift; path = PhotosTableViewCell.swift; sourceTree = "<group>"; };
		E5C594DE290B197400D668E3 /* PhotosViewController.swift */ = {isa = PBXFileReference; lastKnownFileType = sourcecode.swift; path = PhotosViewController.swift; sourceTree = "<group>"; };
		E5C594E0290B1A8C00D668E3 /* PhotosCollectionViewCell.swift */ = {isa = PBXFileReference; lastKnownFileType = sourcecode.swift; path = PhotosCollectionViewCell.swift; sourceTree = "<group>"; };
		E5C594E2290B1B5900D668E3 /* Photo.swift */ = {isa = PBXFileReference; lastKnownFileType = sourcecode.swift; path = Photo.swift; sourceTree = "<group>"; };
		E5C5952C2915310A00D668E3 /* Protocol.swift */ = {isa = PBXFileReference; lastKnownFileType = sourcecode.swift; path = Protocol.swift; sourceTree = "<group>"; };
		E5C5952E291531B700D668E3 /* DetailAvatarView.swift */ = {isa = PBXFileReference; lastKnownFileType = sourcecode.swift; path = DetailAvatarView.swift; sourceTree = "<group>"; };
		E5C5953029153C2F00D668E3 /* DetailPostViewController.swift */ = {isa = PBXFileReference; lastKnownFileType = sourcecode.swift; path = DetailPostViewController.swift; sourceTree = "<group>"; };
		E5C5953229153D3B00D668E3 /* DetailedAvatarViewController.swift */ = {isa = PBXFileReference; lastKnownFileType = sourcecode.swift; path = DetailedAvatarViewController.swift; sourceTree = "<group>"; };
		E5C5953429153E1700D668E3 /* AvatarTransitionAnimator.swift */ = {isa = PBXFileReference; lastKnownFileType = sourcecode.swift; path = AvatarTransitionAnimator.swift; sourceTree = "<group>"; };
		E5C59537291BEDD900D668E3 /* DetailedPhotoViewController.swift */ = {isa = PBXFileReference; lastKnownFileType = sourcecode.swift; path = DetailedPhotoViewController.swift; sourceTree = "<group>"; };
/* End PBXFileReference section */

/* Begin PBXFrameworksBuildPhase section */
		E5C594B2290B0B8800D668E3 /* Frameworks */ = {
			isa = PBXFrameworksBuildPhase;
			buildActionMask = 2147483647;
			files = (
			);
			runOnlyForDeploymentPostprocessing = 0;
		};
/* End PBXFrameworksBuildPhase section */

/* Begin PBXGroup section */
		E5C594AC290B0B8800D668E3 = {
			isa = PBXGroup;
			children = (
				E5C594B7290B0B8800D668E3 /* CollectionView_Lysenskaia */,
				E5C594B6290B0B8800D668E3 /* Products */,
			);
			sourceTree = "<group>";
		};
		E5C594B6290B0B8800D668E3 /* Products */ = {
			isa = PBXGroup;
			children = (
				E5C594B5290B0B8800D668E3 /* CollectionView_Lysenskaia.app */,
			);
			name = Products;
			sourceTree = "<group>";
		};
		E5C594B7290B0B8800D668E3 /* CollectionView_Lysenskaia */ = {
			isa = PBXGroup;
			children = (
				E5C595362919777400D668E3 /* Controllers */,
				E5C594D1290B0C2900D668E3 /* Profile */,
				E5C594CC290B0BAE00D668E3 /* Post */,
				E5C594B8290B0B8800D668E3 /* AppDelegate.swift */,
				E5C594BA290B0B8800D668E3 /* SceneDelegate.swift */,
				E5C594C1290B0B8900D668E3 /* Assets.xcassets */,
				E5C594DC290B150B00D668E3 /* PhotosTableViewCell.swift */,
				E5C594E0290B1A8C00D668E3 /* PhotosCollectionViewCell.swift */,
				E5C594C3290B0B8900D668E3 /* LaunchScreen.storyboard */,
				E5C594C6290B0B8900D668E3 /* Info.plist */,
				E5C5952C2915310A00D668E3 /* Protocol.swift */,
			);
			path = CollectionView_Lysenskaia;
			sourceTree = "<group>";
		};
		E5C594CC290B0BAE00D668E3 /* Post */ = {
			isa = PBXGroup;
			children = (
				E5C594CD290B0BCF00D668E3 /* Post.swift */,
				E5C594CF290B0C0A00D668E3 /* PostTableViewCell.swift */,
				E5C594E2290B1B5900D668E3 /* Photo.swift */,
			);
			path = Post;
			sourceTree = "<group>";
		};
		E5C594D1290B0C2900D668E3 /* Profile */ = {
			isa = PBXGroup;
			children = (
				E5C594D2290B0C4E00D668E3 /* ProfileHeaderView.swift */,
				E5C5952E291531B700D668E3 /* DetailAvatarView.swift */,
				E5C5953429153E1700D668E3 /* AvatarTransitionAnimator.swift */,
			);
			path = Profile;
			sourceTree = "<group>";
		};
		E5C595362919777400D668E3 /* Controllers */ = {
			isa = PBXGroup;
			children = (
				E5C5953029153C2F00D668E3 /* DetailPostViewController.swift */,
				E5C5953229153D3B00D668E3 /* DetailedAvatarViewController.swift */,
				E5C59537291BEDD900D668E3 /* DetailedPhotoViewController.swift */,
				E5C594DA290B0D3700D668E3 /* PostViewController.swift */,
				E5C594DE290B197400D668E3 /* PhotosViewController.swift */,
				E5C594D4290B0C7C00D668E3 /* ProfileViewController.swift */,
				E5C594D8290B0CE500D668E3 /* InfoViewController.swift */,
				E5C594BC290B0B8800D668E3 /* FeedViewController.swift */,
				E5C594D6290B0CA100D668E3 /* LogInViewController.swift */,
			);
			path = Controllers;
			sourceTree = "<group>";
		};
/* End PBXGroup section */

/* Begin PBXNativeTarget section */
		E5C594B4290B0B8800D668E3 /* CollectionView_Lysenskaia */ = {
			isa = PBXNativeTarget;
			buildConfigurationList = E5C594C9290B0B8900D668E3 /* Build configuration list for PBXNativeTarget "CollectionView_Lysenskaia" */;
			buildPhases = (
				E5C594B1290B0B8800D668E3 /* Sources */,
				E5C594B2290B0B8800D668E3 /* Frameworks */,
				E5C594B3290B0B8800D668E3 /* Resources */,
			);
			buildRules = (
			);
			dependencies = (
			);
			name = CollectionView_Lysenskaia;
			productName = CollectionView_Lysenskaia;
			productReference = E5C594B5290B0B8800D668E3 /* CollectionView_Lysenskaia.app */;
			productType = "com.apple.product-type.application";
		};
/* End PBXNativeTarget section */

/* Begin PBXProject section */
		E5C594AD290B0B8800D668E3 /* Project object */ = {
			isa = PBXProject;
			attributes = {
				BuildIndependentTargetsInParallel = 1;
				LastSwiftUpdateCheck = 1400;
				LastUpgradeCheck = 1400;
				TargetAttributes = {
					E5C594B4290B0B8800D668E3 = {
						CreatedOnToolsVersion = 14.0.1;
					};
				};
			};
			buildConfigurationList = E5C594B0290B0B8800D668E3 /* Build configuration list for PBXProject "CollectionView_Lysenskaia" */;
			compatibilityVersion = "Xcode 14.0";
			developmentRegion = en;
			hasScannedForEncodings = 0;
			knownRegions = (
				en,
				Base,
			);
			mainGroup = E5C594AC290B0B8800D668E3;
			productRefGroup = E5C594B6290B0B8800D668E3 /* Products */;
			projectDirPath = "";
			projectRoot = "";
			targets = (
				E5C594B4290B0B8800D668E3 /* CollectionView_Lysenskaia */,
			);
		};
/* End PBXProject section */

/* Begin PBXResourcesBuildPhase section */
		E5C594B3290B0B8800D668E3 /* Resources */ = {
			isa = PBXResourcesBuildPhase;
			buildActionMask = 2147483647;
			files = (
				E5C594C5290B0B8900D668E3 /* LaunchScreen.storyboard in Resources */,
				E5C594C2290B0B8900D668E3 /* Assets.xcassets in Resources */,
			);
			runOnlyForDeploymentPostprocessing = 0;
		};
/* End PBXResourcesBuildPhase section */

/* Begin PBXSourcesBuildPhase section */
		E5C594B1290B0B8800D668E3 /* Sources */ = {
			isa = PBXSourcesBuildPhase;
			buildActionMask = 2147483647;
			files = (
				E5C594E3290B1B5900D668E3 /* Photo.swift in Sources */,
				E5C594BD290B0B8800D668E3 /* FeedViewController.swift in Sources */,
				E5C594D3290B0C4E00D668E3 /* ProfileHeaderView.swift in Sources */,
				E5C59538291BEDD900D668E3 /* DetailedPhotoViewController.swift in Sources */,
				E5C5953329153D3B00D668E3 /* DetailedAvatarViewController.swift in Sources */,
				E5C594B9290B0B8800D668E3 /* AppDelegate.swift in Sources */,
				E5C594DD290B150B00D668E3 /* PhotosTableViewCell.swift in Sources */,
				E5C594E1290B1A8C00D668E3 /* PhotosCollectionViewCell.swift in Sources */,
				E5C594D0290B0C0A00D668E3 /* PostTableViewCell.swift in Sources */,
				E5C594DB290B0D3700D668E3 /* PostViewController.swift in Sources */,
				E5C594D9290B0CE500D668E3 /* InfoViewController.swift in Sources */,
				E5C5953129153C2F00D668E3 /* DetailPostViewController.swift in Sources */,
				E5C594D7290B0CA100D668E3 /* LogInViewController.swift in Sources */,
				E5C594D5290B0C7C00D668E3 /* ProfileViewController.swift in Sources */,
				E5C594DF290B197400D668E3 /* PhotosViewController.swift in Sources */,
				E5C5953529153E1700D668E3 /* AvatarTransitionAnimator.swift in Sources */,
				E5C594BB290B0B8800D668E3 /* SceneDelegate.swift in Sources */,
				E5C594CE290B0BCF00D668E3 /* Post.swift in Sources */,
				E5C5952F291531B700D668E3 /* DetailAvatarView.swift in Sources */,
				E5C5952D2915310A00D668E3 /* Protocol.swift in Sources */,
			);
			runOnlyForDeploymentPostprocessing = 0;
		};
/* End PBXSourcesBuildPhase section */

/* Begin PBXVariantGroup section */
		E5C594C3290B0B8900D668E3 /* LaunchScreen.storyboard */ = {
			isa = PBXVariantGroup;
			children = (
				E5C594C4290B0B8900D668E3 /* Base */,
			);
			name = LaunchScreen.storyboard;
			sourceTree = "<group>";
		};
/* End PBXVariantGroup section */

/* Begin XCBuildConfiguration section */
		E5C594C7290B0B8900D668E3 /* Debug */ = {
			isa = XCBuildConfiguration;
			buildSettings = {
				ALWAYS_SEARCH_USER_PATHS = NO;
				CLANG_ANALYZER_NONNULL = YES;
				CLANG_ANALYZER_NUMBER_OBJECT_CONVERSION = YES_AGGRESSIVE;
				CLANG_CXX_LANGUAGE_STANDARD = "gnu++20";
				CLANG_ENABLE_MODULES = YES;
				CLANG_ENABLE_OBJC_ARC = YES;
				CLANG_ENABLE_OBJC_WEAK = YES;
				CLANG_WARN_BLOCK_CAPTURE_AUTORELEASING = YES;
				CLANG_WARN_BOOL_CONVERSION = YES;
				CLANG_WARN_COMMA = YES;
				CLANG_WARN_CONSTANT_CONVERSION = YES;
				CLANG_WARN_DEPRECATED_OBJC_IMPLEMENTATIONS = YES;
				CLANG_WARN_DIRECT_OBJC_ISA_USAGE = YES_ERROR;
				CLANG_WARN_DOCUMENTATION_COMMENTS = YES;
				CLANG_WARN_EMPTY_BODY = YES;
				CLANG_WARN_ENUM_CONVERSION = YES;
				CLANG_WARN_INFINITE_RECURSION = YES;
				CLANG_WARN_INT_CONVERSION = YES;
				CLANG_WARN_NON_LITERAL_NULL_CONVERSION = YES;
				CLANG_WARN_OBJC_IMPLICIT_RETAIN_SELF = YES;
				CLANG_WARN_OBJC_LITERAL_CONVERSION = YES;
				CLANG_WARN_OBJC_ROOT_CLASS = YES_ERROR;
				CLANG_WARN_QUOTED_INCLUDE_IN_FRAMEWORK_HEADER = YES;
				CLANG_WARN_RANGE_LOOP_ANALYSIS = YES;
				CLANG_WARN_STRICT_PROTOTYPES = YES;
				CLANG_WARN_SUSPICIOUS_MOVE = YES;
				CLANG_WARN_UNGUARDED_AVAILABILITY = YES_AGGRESSIVE;
				CLANG_WARN_UNREACHABLE_CODE = YES;
				CLANG_WARN__DUPLICATE_METHOD_MATCH = YES;
				COPY_PHASE_STRIP = NO;
				DEBUG_INFORMATION_FORMAT = dwarf;
				ENABLE_STRICT_OBJC_MSGSEND = YES;
				ENABLE_TESTABILITY = YES;
				GCC_C_LANGUAGE_STANDARD = gnu11;
				GCC_DYNAMIC_NO_PIC = NO;
				GCC_NO_COMMON_BLOCKS = YES;
				GCC_OPTIMIZATION_LEVEL = 0;
				GCC_PREPROCESSOR_DEFINITIONS = (
					"DEBUG=1",
					"$(inherited)",
				);
				GCC_WARN_64_TO_32_BIT_CONVERSION = YES;
				GCC_WARN_ABOUT_RETURN_TYPE = YES_ERROR;
				GCC_WARN_UNDECLARED_SELECTOR = YES;
				GCC_WARN_UNINITIALIZED_AUTOS = YES_AGGRESSIVE;
				GCC_WARN_UNUSED_FUNCTION = YES;
				GCC_WARN_UNUSED_VARIABLE = YES;
				IPHONEOS_DEPLOYMENT_TARGET = 16.0;
				MTL_ENABLE_DEBUG_INFO = INCLUDE_SOURCE;
				MTL_FAST_MATH = YES;
				ONLY_ACTIVE_ARCH = YES;
				SDKROOT = iphoneos;
				SWIFT_ACTIVE_COMPILATION_CONDITIONS = DEBUG;
				SWIFT_OPTIMIZATION_LEVEL = "-Onone";
			};
			name = Debug;
		};
		E5C594C8290B0B8900D668E3 /* Release */ = {
			isa = XCBuildConfiguration;
			buildSettings = {
				ALWAYS_SEARCH_USER_PATHS = NO;
				CLANG_ANALYZER_NONNULL = YES;
				CLANG_ANALYZER_NUMBER_OBJECT_CONVERSION = YES_AGGRESSIVE;
				CLANG_CXX_LANGUAGE_STANDARD = "gnu++20";
				CLANG_ENABLE_MODULES = YES;
				CLANG_ENABLE_OBJC_ARC = YES;
				CLANG_ENABLE_OBJC_WEAK = YES;
				CLANG_WARN_BLOCK_CAPTURE_AUTORELEASING = YES;
				CLANG_WARN_BOOL_CONVERSION = YES;
				CLANG_WARN_COMMA = YES;
				CLANG_WARN_CONSTANT_CONVERSION = YES;
				CLANG_WARN_DEPRECATED_OBJC_IMPLEMENTATIONS = YES;
				CLANG_WARN_DIRECT_OBJC_ISA_USAGE = YES_ERROR;
				CLANG_WARN_DOCUMENTATION_COMMENTS = YES;
				CLANG_WARN_EMPTY_BODY = YES;
				CLANG_WARN_ENUM_CONVERSION = YES;
				CLANG_WARN_INFINITE_RECURSION = YES;
				CLANG_WARN_INT_CONVERSION = YES;
				CLANG_WARN_NON_LITERAL_NULL_CONVERSION = YES;
				CLANG_WARN_OBJC_IMPLICIT_RETAIN_SELF = YES;
				CLANG_WARN_OBJC_LITERAL_CONVERSION = YES;
				CLANG_WARN_OBJC_ROOT_CLASS = YES_ERROR;
				CLANG_WARN_QUOTED_INCLUDE_IN_FRAMEWORK_HEADER = YES;
				CLANG_WARN_RANGE_LOOP_ANALYSIS = YES;
				CLANG_WARN_STRICT_PROTOTYPES = YES;
				CLANG_WARN_SUSPICIOUS_MOVE = YES;
				CLANG_WARN_UNGUARDED_AVAILABILITY = YES_AGGRESSIVE;
				CLANG_WARN_UNREACHABLE_CODE = YES;
				CLANG_WARN__DUPLICATE_METHOD_MATCH = YES;
				COPY_PHASE_STRIP = NO;
				DEBUG_INFORMATION_FORMAT = "dwarf-with-dsym";
				ENABLE_NS_ASSERTIONS = NO;
				ENABLE_STRICT_OBJC_MSGSEND = YES;
				GCC_C_LANGUAGE_STANDARD = gnu11;
				GCC_NO_COMMON_BLOCKS = YES;
				GCC_WARN_64_TO_32_BIT_CONVERSION = YES;
				GCC_WARN_ABOUT_RETURN_TYPE = YES_ERROR;
				GCC_WARN_UNDECLARED_SELECTOR = YES;
				GCC_WARN_UNINITIALIZED_AUTOS = YES_AGGRESSIVE;
				GCC_WARN_UNUSED_FUNCTION = YES;
				GCC_WARN_UNUSED_VARIABLE = YES;
				IPHONEOS_DEPLOYMENT_TARGET = 16.0;
				MTL_ENABLE_DEBUG_INFO = NO;
				MTL_FAST_MATH = YES;
				SDKROOT = iphoneos;
				SWIFT_COMPILATION_MODE = wholemodule;
				SWIFT_OPTIMIZATION_LEVEL = "-O";
				VALIDATE_PRODUCT = YES;
			};
			name = Release;
		};
		E5C594CA290B0B8900D668E3 /* Debug */ = {
			isa = XCBuildConfiguration;
			buildSettings = {
				ASSETCATALOG_COMPILER_APPICON_NAME = AppIcon;
				ASSETCATALOG_COMPILER_GLOBAL_ACCENT_COLOR_NAME = AccentColor;
				CODE_SIGN_STYLE = Automatic;
				CURRENT_PROJECT_VERSION = 1;
				GENERATE_INFOPLIST_FILE = YES;
				INFOPLIST_FILE = CollectionView_Lysenskaia/Info.plist;
				INFOPLIST_KEY_UIApplicationSupportsIndirectInputEvents = YES;
				INFOPLIST_KEY_UILaunchStoryboardName = LaunchScreen;
				INFOPLIST_KEY_UISupportedInterfaceOrientations_iPad = "UIInterfaceOrientationPortrait UIInterfaceOrientationPortraitUpsideDown UIInterfaceOrientationLandscapeLeft UIInterfaceOrientationLandscapeRight";
				INFOPLIST_KEY_UISupportedInterfaceOrientations_iPhone = "UIInterfaceOrientationPortrait UIInterfaceOrientationLandscapeLeft UIInterfaceOrientationLandscapeRight";
				LD_RUNPATH_SEARCH_PATHS = (
					"$(inherited)",
					"@executable_path/Frameworks",
				);
				MARKETING_VERSION = 1.0;
				PRODUCT_BUNDLE_IDENTIFIER = "LisenskayaL.CollectionView-Lysenskaia";
				PRODUCT_NAME = "$(TARGET_NAME)";
				SWIFT_EMIT_LOC_STRINGS = YES;
				SWIFT_VERSION = 5.0;
				TARGETED_DEVICE_FAMILY = "1,2";
			};
			name = Debug;
		};
		E5C594CB290B0B8900D668E3 /* Release */ = {
			isa = XCBuildConfiguration;
			buildSettings = {
				ASSETCATALOG_COMPILER_APPICON_NAME = AppIcon;
				ASSETCATALOG_COMPILER_GLOBAL_ACCENT_COLOR_NAME = AccentColor;
				CODE_SIGN_STYLE = Automatic;
				CURRENT_PROJECT_VERSION = 1;
				GENERATE_INFOPLIST_FILE = YES;
				INFOPLIST_FILE = CollectionView_Lysenskaia/Info.plist;
				INFOPLIST_KEY_UIApplicationSupportsIndirectInputEvents = YES;
				INFOPLIST_KEY_UILaunchStoryboardName = LaunchScreen;
				INFOPLIST_KEY_UISupportedInterfaceOrientations_iPad = "UIInterfaceOrientationPortrait UIInterfaceOrientationPortraitUpsideDown UIInterfaceOrientationLandscapeLeft UIInterfaceOrientationLandscapeRight";
				INFOPLIST_KEY_UISupportedInterfaceOrientations_iPhone = "UIInterfaceOrientationPortrait UIInterfaceOrientationLandscapeLeft UIInterfaceOrientationLandscapeRight";
				LD_RUNPATH_SEARCH_PATHS = (
					"$(inherited)",
					"@executable_path/Frameworks",
				);
				MARKETING_VERSION = 1.0;
				PRODUCT_BUNDLE_IDENTIFIER = "LisenskayaL.CollectionView-Lysenskaia";
				PRODUCT_NAME = "$(TARGET_NAME)";
				SWIFT_EMIT_LOC_STRINGS = YES;
				SWIFT_VERSION = 5.0;
				TARGETED_DEVICE_FAMILY = "1,2";
			};
			name = Release;
		};
/* End XCBuildConfiguration section */

/* Begin XCConfigurationList section */
		E5C594B0290B0B8800D668E3 /* Build configuration list for PBXProject "CollectionView_Lysenskaia" */ = {
			isa = XCConfigurationList;
			buildConfigurations = (
				E5C594C7290B0B8900D668E3 /* Debug */,
				E5C594C8290B0B8900D668E3 /* Release */,
			);
			defaultConfigurationIsVisible = 0;
			defaultConfigurationName = Release;
		};
		E5C594C9290B0B8900D668E3 /* Build configuration list for PBXNativeTarget "CollectionView_Lysenskaia" */ = {
			isa = XCConfigurationList;
			buildConfigurations = (
				E5C594CA290B0B8900D668E3 /* Debug */,
				E5C594CB290B0B8900D668E3 /* Release */,
			);
			defaultConfigurationIsVisible = 0;
			defaultConfigurationName = Release;
		};
/* End XCConfigurationList section */
	};
	rootObject = E5C594AD290B0B8800D668E3 /* Project object */;
}
